
Microsoft Visual Studio Solution File, Format Version 12.00
# Visual Studio 15
VisualStudioVersion = 15.0.26730.12
MinimumVisualStudioVersion = 10.0.40219.1
Project("{FAE04EC0-301F-11D3-BF4B-00C04F79EFBC}") = "SpyStore.DAL", "SpyStore.DAL\SpyStore.DAL.csproj", "{FD28E9B6-B959-43AC-9A30-BA13436A2208}"
EndProject
Project("{FAE04EC0-301F-11D3-BF4B-00C04F79EFBC}") = "SpyStore.Models", "SpyStore.Models\SpyStore.Models.csproj", "{9384421F-84F9-4B8C-9B6B-964059990213}"
EndProject
Project("{FAE04EC0-301F-11D3-BF4B-00C04F79EFBC}") = "SpyStore.DAL.Tests", "SpyStore.DAL.Tests\SpyStore.DAL.Tests.csproj", "{B60B8159-E8F8-4829-B204-E871C55B2E2A}"
EndProject
Global
	GlobalSection(SolutionConfigurationPlatforms) = preSolution
		Debug|Any CPU = Debug|Any CPU
		Release|Any CPU = Release|Any CPU
	EndGlobalSection
	GlobalSection(ProjectConfigurationPlatforms) = postSolution
		{FD28E9B6-B959-43AC-9A30-BA13436A2208}.Debug|Any CPU.ActiveCfg = Debug|Any CPU
		{FD28E9B6-B959-43AC-9A30-BA13436A2208}.Debug|Any CPU.Build.0 = Debug|Any CPU
		{FD28E9B6-B959-43AC-9A30-BA13436A2208}.Release|Any CPU.ActiveCfg = Release|Any CPU
		{FD28E9B6-B959-43AC-9A30-BA13436A2208}.Release|Any CPU.Build.0 = Release|Any CPU
		{9384421F-84F9-4B8C-9B6B-964059990213}.Debug|Any CPU.ActiveCfg = Debug|Any CPU
		{9384421F-84F9-4B8C-9B6B-964059990213}.Debug|Any CPU.Build.0 = Debug|Any CPU
		{9384421F-84F9-4B8C-9B6B-964059990213}.Release|Any CPU.ActiveCfg = Release|Any CPU
		{9384421F-84F9-4B8C-9B6B-964059990213}.Release|Any CPU.Build.0 = Release|Any CPU
		{B60B8159-E8F8-4829-B204-E871C55B2E2A}.Debug|Any CPU.ActiveCfg = Debug|Any CPU
		{B60B8159-E8F8-4829-B204-E871C55B2E2A}.Debug|Any CPU.Build.0 = Debug|Any CPU
		{B60B8159-E8F8-4829-B204-E871C55B2E2A}.Release|Any CPU.ActiveCfg = Release|Any CPU
		{B60B8159-E8F8-4829-B204-E871C55B2E2A}.Release|Any CPU.Build.0 = Release|Any CPU
	EndGlobalSection
	GlobalSection(SolutionProperties) = preSolution
		HideSolutionNode = FALSE
	EndGlobalSection
	GlobalSection(ExtensibilityGlobals) = postSolution
		SolutionGuid = {D86F025A-F915-4B04-876A-1C7C213BB88B}
	EndGlobalSection
EndGlobal
